
Microsoft Visual Studio Solution File, Format Version 12.00
# Visual Studio Version 17
VisualStudioVersion = 17.14.36429.23 d17.14
MinimumVisualStudioVersion = 10.0.40219.1
Project("{FAE04EC0-301F-11D3-BF4B-00C04F79EFBC}") = "BunBarlang", "BunBarlang.csproj", "{468699F2-0858-4ED0-A212-0EEBCB4719D5}"
EndProject
Global
	GlobalSection(SolutionConfigurationPlatforms) = preSolution
		Debug|Any CPU = Debug|Any CPU
		Release|Any CPU = Release|Any CPU
	EndGlobalSection
	GlobalSection(ProjectConfigurationPlatforms) = postSolution
		{468699F2-0858-4ED0-A212-0EEBCB4719D5}.Debug|Any CPU.ActiveCfg = Debug|Any CPU
		{468699F2-0858-4ED0-A212-0EEBCB4719D5}.Debug|Any CPU.Build.0 = Debug|Any CPU
		{468699F2-0858-4ED0-A212-0EEBCB4719D5}.Release|Any CPU.ActiveCfg = Release|Any CPU
		{468699F2-0858-4ED0-A212-0EEBCB4719D5}.Release|Any CPU.Build.0 = Release|Any CPU
	EndGlobalSection
	GlobalSection(SolutionProperties) = preSolution
		HideSolutionNode = FALSE
	EndGlobalSection
	GlobalSection(ExtensibilityGlobals) = postSolution
		SolutionGuid = {E962A2B1-DC3A-4604-A3DC-42BE0BBD849E}
	EndGlobalSection
EndGlobal
